
Microsoft Visual Studio Solution File, Format Version 12.00
# Visual Studio Version 16
VisualStudioVersion = 16.0.30611.23
MinimumVisualStudioVersion = 10.0.40219.1
Project("{FAE04EC0-301F-11D3-BF4B-00C04F79EFBC}") = "Webgentle.BookStore", "Webgentle.BookStore\Webgentle.BookStore.csproj", "{D08D1D7F-5569-4512-A04E-FAD3C463CC37}"
EndProject
Global
	GlobalSection(SolutionConfigurationPlatforms) = preSolution
		Debug|Any CPU = Debug|Any CPU
		Release|Any CPU = Release|Any CPU
	EndGlobalSection
	GlobalSection(ProjectConfigurationPlatforms) = postSolution
		{D08D1D7F-5569-4512-A04E-FAD3C463CC37}.Debug|Any CPU.ActiveCfg = Debug|Any CPU
		{D08D1D7F-5569-4512-A04E-FAD3C463CC37}.Debug|Any CPU.Build.0 = Debug|Any CPU
		{D08D1D7F-5569-4512-A04E-FAD3C463CC37}.Release|Any CPU.ActiveCfg = Release|Any CPU
		{D08D1D7F-5569-4512-A04E-FAD3C463CC37}.Release|Any CPU.Build.0 = Release|Any CPU
	EndGlobalSection
	GlobalSection(SolutionProperties) = preSolution
		HideSolutionNode = FALSE
	EndGlobalSection
	GlobalSection(ExtensibilityGlobals) = postSolution
		SolutionGuid = {C06FBD80-BD06-42AF-B516-FAF15F542422}
	EndGlobalSection
EndGlobal
